// !$*UTF8*$!
{
	archiveVersion = 1;
	classes = {
	};
	objectVersion = 55;
	objects = {

/* Begin PBXBuildFile section */
		B61D000027F2FDE0002B1ABA /* LaunchScreen.storyboard in Resources */ = {isa = PBXBuildFile; fileRef = B61DFFFE27F2FDE0002B1ABA /* LaunchScreen.storyboard */; };
		B61D000827F45B8C002B1ABA /* DiaryCell.swift in Sources */ = {isa = PBXBuildFile; fileRef = B61D000727F45B8C002B1ABA /* DiaryCell.swift */; };
		B61D000A27F45BEB002B1ABA /* StarViewController.swift in Sources */ = {isa = PBXBuildFile; fileRef = B61D000927F45BEB002B1ABA /* StarViewController.swift */; };
		B61D000C27F45F30002B1ABA /* StarCell.swift in Sources */ = {isa = PBXBuildFile; fileRef = B61D000B27F45F30002B1ABA /* StarCell.swift */; };
		B61D000E27F46192002B1ABA /* WriteDiaryViewController.swift in Sources */ = {isa = PBXBuildFile; fileRef = B61D000D27F46192002B1ABA /* WriteDiaryViewController.swift */; };
		B61D001027F461F4002B1ABA /* DiaryDetailViewController.swift in Sources */ = {isa = PBXBuildFile; fileRef = B61D000F27F461F4002B1ABA /* DiaryDetailViewController.swift */; };
		B61D001227FAD819002B1ABA /* Diary.swift in Sources */ = {isa = PBXBuildFile; fileRef = B61D001127FAD819002B1ABA /* Diary.swift */; };
		B61DFFF427F2FDDF002B1ABA /* AppDelegate.swift in Sources */ = {isa = PBXBuildFile; fileRef = B61DFFF327F2FDDF002B1ABA /* AppDelegate.swift */; };
		B61DFFF627F2FDDF002B1ABA /* SceneDelegate.swift in Sources */ = {isa = PBXBuildFile; fileRef = B61DFFF527F2FDDF002B1ABA /* SceneDelegate.swift */; };
		B61DFFF827F2FDDF002B1ABA /* ViewController.swift in Sources */ = {isa = PBXBuildFile; fileRef = B61DFFF727F2FDDF002B1ABA /* ViewController.swift */; };
		B61DFFFB27F2FDDF002B1ABA /* Main.storyboard in Resources */ = {isa = PBXBuildFile; fileRef = B61DFFF927F2FDDF002B1ABA /* Main.storyboard */; };
		B61DFFFD27F2FDE0002B1ABA /* Assets.xcassets in Resources */ = {isa = PBXBuildFile; fileRef = B61DFFFC27F2FDE0002B1ABA /* Assets.xcassets */; };
/* End PBXBuildFile section */

/* Begin PBXFileReference section */
		B61D000127F2FDE0002B1ABA /* Info.plist */ = {isa = PBXFileReference; lastKnownFileType = text.plist.xml; path = Info.plist; sourceTree = "<group>"; };
		B61D000727F45B8C002B1ABA /* DiaryCell.swift */ = {isa = PBXFileReference; lastKnownFileType = sourcecode.swift; path = DiaryCell.swift; sourceTree = "<group>"; };
		B61D000927F45BEB002B1ABA /* StarViewController.swift */ = {isa = PBXFileReference; lastKnownFileType = sourcecode.swift; path = StarViewController.swift; sourceTree = "<group>"; };
		B61D000B27F45F30002B1ABA /* StarCell.swift */ = {isa = PBXFileReference; lastKnownFileType = sourcecode.swift; path = StarCell.swift; sourceTree = "<group>"; };
		B61D000D27F46192002B1ABA /* WriteDiaryViewController.swift */ = {isa = PBXFileReference; lastKnownFileType = sourcecode.swift; path = WriteDiaryViewController.swift; sourceTree = "<group>"; };
		B61D000F27F461F4002B1ABA /* DiaryDetailViewController.swift */ = {isa = PBXFileReference; lastKnownFileType = sourcecode.swift; path = DiaryDetailViewController.swift; sourceTree = "<group>"; };
		B61D001127FAD819002B1ABA /* Diary.swift */ = {isa = PBXFileReference; lastKnownFileType = sourcecode.swift; path = Diary.swift; sourceTree = "<group>"; };
		B61DFFF027F2FDDF002B1ABA /* Diary.app */ = {isa = PBXFileReference; explicitFileType = wrapper.application; includeInIndex = 0; path = Diary.app; sourceTree = BUILT_PRODUCTS_DIR; };
		B61DFFF327F2FDDF002B1ABA /* AppDelegate.swift */ = {isa = PBXFileReference; lastKnownFileType = sourcecode.swift; path = AppDelegate.swift; sourceTree = "<group>"; };
		B61DFFF527F2FDDF002B1ABA /* SceneDelegate.swift */ = {isa = PBXFileReference; lastKnownFileType = sourcecode.swift; path = SceneDelegate.swift; sourceTree = "<group>"; };
		B61DFFF727F2FDDF002B1ABA /* ViewController.swift */ = {isa = PBXFileReference; lastKnownFileType = sourcecode.swift; path = ViewController.swift; sourceTree = "<group>"; };
		B61DFFFA27F2FDDF002B1ABA /* Base */ = {isa = PBXFileReference; lastKnownFileType = file.storyboard; name = Base; path = Base.lproj/Main.storyboard; sourceTree = "<group>"; };
		B61DFFFC27F2FDE0002B1ABA /* Assets.xcassets */ = {isa = PBXFileReference; lastKnownFileType = folder.assetcatalog; path = Assets.xcassets; sourceTree = "<group>"; };
		B61DFFFF27F2FDE0002B1ABA /* Base */ = {isa = PBXFileReference; lastKnownFileType = file.storyboard; name = Base; path = Base.lproj/LaunchScreen.storyboard; sourceTree = "<group>"; };
/* End PBXFileReference section */

/* Begin PBXFrameworksBuildPhase section */
		B61DFFED27F2FDDF002B1ABA /* Frameworks */ = {
			isa = PBXFrameworksBuildPhase;
			buildActionMask = 2147483647;
			files = (
			);
			runOnlyForDeploymentPostprocessing = 0;
		};
/* End PBXFrameworksBuildPhase section */

/* Begin PBXGroup section */
		B61DFFE727F2FDDF002B1ABA = {
			isa = PBXGroup;
			children = (
				B61DFFF227F2FDDF002B1ABA /* Diary */,
				B61DFFF127F2FDDF002B1ABA /* Products */,
			);
			sourceTree = "<group>";
		};
		B61DFFF127F2FDDF002B1ABA /* Products */ = {
			isa = PBXGroup;
			children = (
				B61DFFF027F2FDDF002B1ABA /* Diary.app */,
			);
			name = Products;
			sourceTree = "<group>";
		};
		B61DFFF227F2FDDF002B1ABA /* Diary */ = {
			isa = PBXGroup;
			children = (
				B61DFFF327F2FDDF002B1ABA /* AppDelegate.swift */,
				B61DFFF527F2FDDF002B1ABA /* SceneDelegate.swift */,
				B61DFFF727F2FDDF002B1ABA /* ViewController.swift */,
				B61DFFF927F2FDDF002B1ABA /* Main.storyboard */,
				B61DFFFC27F2FDE0002B1ABA /* Assets.xcassets */,
				B61DFFFE27F2FDE0002B1ABA /* LaunchScreen.storyboard */,
				B61D000127F2FDE0002B1ABA /* Info.plist */,
				B61D000727F45B8C002B1ABA /* DiaryCell.swift */,
				B61D000927F45BEB002B1ABA /* StarViewController.swift */,
				B61D000B27F45F30002B1ABA /* StarCell.swift */,
				B61D000D27F46192002B1ABA /* WriteDiaryViewController.swift */,
				B61D000F27F461F4002B1ABA /* DiaryDetailViewController.swift */,
				B61D001127FAD819002B1ABA /* Diary.swift */,
			);
			path = Diary;
			sourceTree = "<group>";
		};
/* End PBXGroup section */

/* Begin PBXNativeTarget section */
		B61DFFEF27F2FDDF002B1ABA /* Diary */ = {
			isa = PBXNativeTarget;
			buildConfigurationList = B61D000427F2FDE0002B1ABA /* Build configuration list for PBXNativeTarget "Diary" */;
			buildPhases = (
				B61DFFEC27F2FDDF002B1ABA /* Sources */,
				B61DFFED27F2FDDF002B1ABA /* Frameworks */,
				B61DFFEE27F2FDDF002B1ABA /* Resources */,
			);
			buildRules = (
			);
			dependencies = (
			);
			name = Diary;
			productName = Diary;
			productReference = B61DFFF027F2FDDF002B1ABA /* Diary.app */;
			productType = "com.apple.product-type.application";
		};
/* End PBXNativeTarget section */

/* Begin PBXProject section */
		B61DFFE827F2FDDF002B1ABA /* Project object */ = {
			isa = PBXProject;
			attributes = {
				BuildIndependentTargetsInParallel = 1;
				LastSwiftUpdateCheck = 1330;
				LastUpgradeCheck = 1330;
				TargetAttributes = {
					B61DFFEF27F2FDDF002B1ABA = {
						CreatedOnToolsVersion = 13.3;
					};
				};
			};
			buildConfigurationList = B61DFFEB27F2FDDF002B1ABA /* Build configuration list for PBXProject "Diary" */;
			compatibilityVersion = "Xcode 13.0";
			developmentRegion = en;
			hasScannedForEncodings = 0;
			knownRegions = (
				en,
				Base,
			);
			mainGroup = B61DFFE727F2FDDF002B1ABA;
			productRefGroup = B61DFFF127F2FDDF002B1ABA /* Products */;
			projectDirPath = "";
			projectRoot = "";
			targets = (
				B61DFFEF27F2FDDF002B1ABA /* Diary */,
			);
		};
/* End PBXProject section */

/* Begin PBXResourcesBuildPhase section */
		B61DFFEE27F2FDDF002B1ABA /* Resources */ = {
			isa = PBXResourcesBuildPhase;
			buildActionMask = 2147483647;
			files = (
				B61D000027F2FDE0002B1ABA /* LaunchScreen.storyboard in Resources */,
				B61DFFFD27F2FDE0002B1ABA /* Assets.xcassets in Resources */,
				B61DFFFB27F2FDDF002B1ABA /* Main.storyboard in Resources */,
			);
			runOnlyForDeploymentPostprocessing = 0;
		};
/* End PBXResourcesBuildPhase section */

/* Begin PBXSourcesBuildPhase section */
		B61DFFEC27F2FDDF002B1ABA /* Sources */ = {
			isa = PBXSourcesBuildPhase;
			buildActionMask = 2147483647;
			files = (
				B61DFFF827F2FDDF002B1ABA /* ViewController.swift in Sources */,
				B61D000E27F46192002B1ABA /* WriteDiaryViewController.swift in Sources */,
				B61D000C27F45F30002B1ABA /* StarCell.swift in Sources */,
				B61DFFF427F2FDDF002B1ABA /* AppDelegate.swift in Sources */,
				B61DFFF627F2FDDF002B1ABA /* SceneDelegate.swift in Sources */,
				B61D001227FAD819002B1ABA /* Diary.swift in Sources */,
				B61D001027F461F4002B1ABA /* DiaryDetailViewController.swift in Sources */,
				B61D000827F45B8C002B1ABA /* DiaryCell.swift in Sources */,
				B61D000A27F45BEB002B1ABA /* StarViewController.swift in Sources */,
			);
			runOnlyForDeploymentPostprocessing = 0;
		};
/* End PBXSourcesBuildPhase section */

/* Begin PBXVariantGroup section */
		B61DFFF927F2FDDF002B1ABA /* Main.storyboard */ = {
			isa = PBXVariantGroup;
			children = (
				B61DFFFA27F2FDDF002B1ABA /* Base */,
			);
			name = Main.storyboard;
			sourceTree = "<group>";
		};
		B61DFFFE27F2FDE0002B1ABA /* LaunchScreen.storyboard */ = {
			isa = PBXVariantGroup;
			children = (
				B61DFFFF27F2FDE0002B1ABA /* Base */,
			);
			name = LaunchScreen.storyboard;
			sourceTree = "<group>";
		};
/* End PBXVariantGroup section */

/* Begin XCBuildConfiguration section */
		B61D000227F2FDE0002B1ABA /* Debug */ = {
			isa = XCBuildConfiguration;
			buildSettings = {
				ALWAYS_SEARCH_USER_PATHS = NO;
				CLANG_ANALYZER_NONNULL = YES;
				CLANG_ANALYZER_NUMBER_OBJECT_CONVERSION = YES_AGGRESSIVE;
				CLANG_CXX_LANGUAGE_STANDARD = "gnu++17";
				CLANG_ENABLE_MODULES = YES;
				CLANG_ENABLE_OBJC_ARC = YES;
				CLANG_ENABLE_OBJC_WEAK = YES;
				CLANG_WARN_BLOCK_CAPTURE_AUTORELEASING = YES;
				CLANG_WARN_BOOL_CONVERSION = YES;
				CLANG_WARN_COMMA = YES;
				CLANG_WARN_CONSTANT_CONVERSION = YES;
				CLANG_WARN_DEPRECATED_OBJC_IMPLEMENTATIONS = YES;
				CLANG_WARN_DIRECT_OBJC_ISA_USAGE = YES_ERROR;
				CLANG_WARN_DOCUMENTATION_COMMENTS = YES;
				CLANG_WARN_EMPTY_BODY = YES;
				CLANG_WARN_ENUM_CONVERSION = YES;
				CLANG_WARN_INFINITE_RECURSION = YES;
				CLANG_WARN_INT_CONVERSION = YES;
				CLANG_WARN_NON_LITERAL_NULL_CONVERSION = YES;
				CLANG_WARN_OBJC_IMPLICIT_RETAIN_SELF = YES;
				CLANG_WARN_OBJC_LITERAL_CONVERSION = YES;
				CLANG_WARN_OBJC_ROOT_CLASS = YES_ERROR;
				CLANG_WARN_QUOTED_INCLUDE_IN_FRAMEWORK_HEADER = YES;
				CLANG_WARN_RANGE_LOOP_ANALYSIS = YES;
				CLANG_WARN_STRICT_PROTOTYPES = YES;
				CLANG_WARN_SUSPICIOUS_MOVE = YES;
				CLANG_WARN_UNGUARDED_AVAILABILITY = YES_AGGRESSIVE;
				CLANG_WARN_UNREACHABLE_CODE = YES;
				CLANG_WARN__DUPLICATE_METHOD_MATCH = YES;
				COPY_PHASE_STRIP = NO;
				DEBUG_INFORMATION_FORMAT = dwarf;
				ENABLE_STRICT_OBJC_MSGSEND = YES;
				ENABLE_TESTABILITY = YES;
				GCC_C_LANGUAGE_STANDARD = gnu11;
				GCC_DYNAMIC_NO_PIC = NO;
				GCC_NO_COMMON_BLOCKS = YES;
				GCC_OPTIMIZATION_LEVEL = 0;
				GCC_PREPROCESSOR_DEFINITIONS = (
					"DEBUG=1",
					"$(inherited)",
				);
				GCC_WARN_64_TO_32_BIT_CONVERSION = YES;
				GCC_WARN_ABOUT_RETURN_TYPE = YES_ERROR;
				GCC_WARN_UNDECLARED_SELECTOR = YES;
				GCC_WARN_UNINITIALIZED_AUTOS = YES_AGGRESSIVE;
				GCC_WARN_UNUSED_FUNCTION = YES;
				GCC_WARN_UNUSED_VARIABLE = YES;
				IPHONEOS_DEPLOYMENT_TARGET = 15.4;
				MTL_ENABLE_DEBUG_INFO = INCLUDE_SOURCE;
				MTL_FAST_MATH = YES;
				ONLY_ACTIVE_ARCH = YES;
				SDKROOT = iphoneos;
				SWIFT_ACTIVE_COMPILATION_CONDITIONS = DEBUG;
				SWIFT_OPTIMIZATION_LEVEL = "-Onone";
			};
			name = Debug;
		};
		B61D000327F2FDE0002B1ABA /* Release */ = {
			isa = XCBuildConfiguration;
			buildSettings = {
				ALWAYS_SEARCH_USER_PATHS = NO;
				CLANG_ANALYZER_NONNULL = YES;
				CLANG_ANALYZER_NUMBER_OBJECT_CONVERSION = YES_AGGRESSIVE;
				CLANG_CXX_LANGUAGE_STANDARD = "gnu++17";
				CLANG_ENABLE_MODULES = YES;
				CLANG_ENABLE_OBJC_ARC = YES;
				CLANG_ENABLE_OBJC_WEAK = YES;
				CLANG_WARN_BLOCK_CAPTURE_AUTORELEASING = YES;
				CLANG_WARN_BOOL_CONVERSION = YES;
				CLANG_WARN_COMMA = YES;
				CLANG_WARN_CONSTANT_CONVERSION = YES;
				CLANG_WARN_DEPRECATED_OBJC_IMPLEMENTATIONS = YES;
				CLANG_WARN_DIRECT_OBJC_ISA_USAGE = YES_ERROR;
				CLANG_WARN_DOCUMENTATION_COMMENTS = YES;
				CLANG_WARN_EMPTY_BODY = YES;
				CLANG_WARN_ENUM_CONVERSION = YES;
				CLANG_WARN_INFINITE_RECURSION = YES;
				CLANG_WARN_INT_CONVERSION = YES;
				CLANG_WARN_NON_LITERAL_NULL_CONVERSION = YES;
				CLANG_WARN_OBJC_IMPLICIT_RETAIN_SELF = YES;
				CLANG_WARN_OBJC_LITERAL_CONVERSION = YES;
				CLANG_WARN_OBJC_ROOT_CLASS = YES_ERROR;
				CLANG_WARN_QUOTED_INCLUDE_IN_FRAMEWORK_HEADER = YES;
				CLANG_WARN_RANGE_LOOP_ANALYSIS = YES;
				CLANG_WARN_STRICT_PROTOTYPES = YES;
				CLANG_WARN_SUSPICIOUS_MOVE = YES;
				CLANG_WARN_UNGUARDED_AVAILABILITY = YES_AGGRESSIVE;
				CLANG_WARN_UNREACHABLE_CODE = YES;
				CLANG_WARN__DUPLICATE_METHOD_MATCH = YES;
				COPY_PHASE_STRIP = NO;
				DEBUG_INFORMATION_FORMAT = "dwarf-with-dsym";
				ENABLE_NS_ASSERTIONS = NO;
				ENABLE_STRICT_OBJC_MSGSEND = YES;
				GCC_C_LANGUAGE_STANDARD = gnu11;
				GCC_NO_COMMON_BLOCKS = YES;
				GCC_WARN_64_TO_32_BIT_CONVERSION = YES;
				GCC_WARN_ABOUT_RETURN_TYPE = YES_ERROR;
				GCC_WARN_UNDECLARED_SELECTOR = YES;
				GCC_WARN_UNINITIALIZED_AUTOS = YES_AGGRESSIVE;
				GCC_WARN_UNUSED_FUNCTION = YES;
				GCC_WARN_UNUSED_VARIABLE = YES;
				IPHONEOS_DEPLOYMENT_TARGET = 15.4;
				MTL_ENABLE_DEBUG_INFO = NO;
				MTL_FAST_MATH = YES;
				SDKROOT = iphoneos;
				SWIFT_COMPILATION_MODE = wholemodule;
				SWIFT_OPTIMIZATION_LEVEL = "-O";
				VALIDATE_PRODUCT = YES;
			};
			name = Release;
		};
		B61D000527F2FDE0002B1ABA /* Debug */ = {
			isa = XCBuildConfiguration;
			buildSettings = {
				ASSETCATALOG_COMPILER_APPICON_NAME = AppIcon;
				ASSETCATALOG_COMPILER_GLOBAL_ACCENT_COLOR_NAME = AccentColor;
				CODE_SIGN_STYLE = Automatic;
				CURRENT_PROJECT_VERSION = 1;
				DEVELOPMENT_TEAM = 2RFRSG9M26;
				GENERATE_INFOPLIST_FILE = YES;
				INFOPLIST_FILE = Diary/Info.plist;
				INFOPLIST_KEY_UIApplicationSupportsIndirectInputEvents = YES;
				INFOPLIST_KEY_UILaunchStoryboardName = LaunchScreen;
				INFOPLIST_KEY_UIMainStoryboardFile = Main;
				INFOPLIST_KEY_UISupportedInterfaceOrientations_iPad = "UIInterfaceOrientationPortrait UIInterfaceOrientationPortraitUpsideDown UIInterfaceOrientationLandscapeLeft UIInterfaceOrientationLandscapeRight";
				INFOPLIST_KEY_UISupportedInterfaceOrientations_iPhone = "UIInterfaceOrientationPortrait UIInterfaceOrientationLandscapeLeft UIInterfaceOrientationLandscapeRight";
				LD_RUNPATH_SEARCH_PATHS = (
					"$(inherited)",
					"@executable_path/Frameworks",
				);
				MARKETING_VERSION = 1.0;
				PRODUCT_BUNDLE_IDENTIFIER = kr.eun.Diary;
				PRODUCT_NAME = "$(TARGET_NAME)";
				SWIFT_EMIT_LOC_STRINGS = YES;
				SWIFT_VERSION = 5.0;
				TARGETED_DEVICE_FAMILY = "1,2";
			};
			name = Debug;
		};
		B61D000627F2FDE0002B1ABA /* Release */ = {
			isa = XCBuildConfiguration;
			buildSettings = {
				ASSETCATALOG_COMPILER_APPICON_NAME = AppIcon;
				ASSETCATALOG_COMPILER_GLOBAL_ACCENT_COLOR_NAME = AccentColor;
				CODE_SIGN_STYLE = Automatic;
				CURRENT_PROJECT_VERSION = 1;
				DEVELOPMENT_TEAM = 2RFRSG9M26;
				GENERATE_INFOPLIST_FILE = YES;
				INFOPLIST_FILE = Diary/Info.plist;
				INFOPLIST_KEY_UIApplicationSupportsIndirectInputEvents = YES;
				INFOPLIST_KEY_UILaunchStoryboardName = LaunchScreen;
				INFOPLIST_KEY_UIMainStoryboardFile = Main;
				INFOPLIST_KEY_UISupportedInterfaceOrientations_iPad = "UIInterfaceOrientationPortrait UIInterfaceOrientationPortraitUpsideDown UIInterfaceOrientationLandscapeLeft UIInterfaceOrientationLandscapeRight";
				INFOPLIST_KEY_UISupportedInterfaceOrientations_iPhone = "UIInterfaceOrientationPortrait UIInterfaceOrientationLandscapeLeft UIInterfaceOrientationLandscapeRight";
				LD_RUNPATH_SEARCH_PATHS = (
					"$(inherited)",
					"@executable_path/Frameworks",
				);
				MARKETING_VERSION = 1.0;
				PRODUCT_BUNDLE_IDENTIFIER = kr.eun.Diary;
				PRODUCT_NAME = "$(TARGET_NAME)";
				SWIFT_EMIT_LOC_STRINGS = YES;
				SWIFT_VERSION = 5.0;
				TARGETED_DEVICE_FAMILY = "1,2";
			};
			name = Release;
		};
/* End XCBuildConfiguration section */

/* Begin XCConfigurationList section */
		B61D000427F2FDE0002B1ABA /* Build configuration list for PBXNativeTarget "Diary" */ = {
			isa = XCConfigurationList;
			buildConfigurations = (
				B61D000527F2FDE0002B1ABA /* Debug */,
				B61D000627F2FDE0002B1ABA /* Release */,
			);
			defaultConfigurationIsVisible = 0;
			defaultConfigurationName = Release;
		};
		B61DFFEB27F2FDDF002B1ABA /* Build configuration list for PBXProject "Diary" */ = {
			isa = XCConfigurationList;
			buildConfigurations = (
				B61D000227F2FDE0002B1ABA /* Debug */,
				B61D000327F2FDE0002B1ABA /* Release */,
			);
			defaultConfigurationIsVisible = 0;
			defaultConfigurationName = Release;
		};
/* End XCConfigurationList section */
	};
	rootObject = B61DFFE827F2FDDF002B1ABA /* Project object */;
}
